// !$*UTF8*$!
{
	archiveVersion = 1;
	classes = {
	};
	objectVersion = 46;
	objects = {

/* Begin PBXBuildFile section */
		36983E8D1978BEFB00F77A9B /* main.cpp in Sources */ = {isa = PBXBuildFile; fileRef = 36983E8C1978BEFB00F77A9B /* main.cpp */; };
		36983E8F1978BEFB00F77A9B /* DemoOpenCV_01.1 in CopyFiles */ = {isa = PBXBuildFile; fileRef = 36983E8E1978BEFB00F77A9B /* DemoOpenCV_01.1 */; };
		36983E9A1978C2FF00F77A9B /* libopencv_core.2.4.9.dylib in Frameworks */ = {isa = PBXBuildFile; fileRef = 36983E961978C2FF00F77A9B /* libopencv_core.2.4.9.dylib */; };
		36983E9B1978C2FF00F77A9B /* libopencv_features2d.2.4.9.dylib in Frameworks */ = {isa = PBXBuildFile; fileRef = 36983E971978C2FF00F77A9B /* libopencv_features2d.2.4.9.dylib */; };
		36983E9C1978C2FF00F77A9B /* libopencv_highgui.2.4.9.dylib in Frameworks */ = {isa = PBXBuildFile; fileRef = 36983E981978C2FF00F77A9B /* libopencv_highgui.2.4.9.dylib */; };
		36983E9D1978C2FF00F77A9B /* libopencv_video.2.4.9.dylib in Frameworks */ = {isa = PBXBuildFile; fileRef = 36983E991978C2FF00F77A9B /* libopencv_video.2.4.9.dylib */; };
		36983E9F1978C64300F77A9B /* libopencv_imgproc.2.4.9.dylib in Frameworks */ = {isa = PBXBuildFile; fileRef = 36983E9E1978C64300F77A9B /* libopencv_imgproc.2.4.9.dylib */; };
/* End PBXBuildFile section */

/* Begin PBXCopyFilesBuildPhase section */
		36983E871978BEFB00F77A9B /* CopyFiles */ = {
			isa = PBXCopyFilesBuildPhase;
			buildActionMask = 2147483647;
			dstPath = /usr/share/man/man1/;
			dstSubfolderSpec = 0;
			files = (
				36983E8F1978BEFB00F77A9B /* DemoOpenCV_01.1 in CopyFiles */,
			);
			runOnlyForDeploymentPostprocessing = 1;
		};
/* End PBXCopyFilesBuildPhase section */

/* Begin PBXFileReference section */
		36983E891978BEFB00F77A9B /* DemoOpenCV-01 */ = {isa = PBXFileReference; explicitFileType = "compiled.mach-o.executable"; includeInIndex = 0; path = "DemoOpenCV-01"; sourceTree = BUILT_PRODUCTS_DIR; };
		36983E8C1978BEFB00F77A9B /* main.cpp */ = {isa = PBXFileReference; lastKnownFileType = sourcecode.cpp.cpp; path = main.cpp; sourceTree = "<group>"; };
		36983E8E1978BEFB00F77A9B /* DemoOpenCV_01.1 */ = {isa = PBXFileReference; lastKnownFileType = text.man; path = DemoOpenCV_01.1; sourceTree = "<group>"; };
		36983E961978C2FF00F77A9B /* libopencv_core.2.4.9.dylib */ = {isa = PBXFileReference; lastKnownFileType = "compiled.mach-o.dylib"; name = libopencv_core.2.4.9.dylib; path = ../../../../../usr/local/Cellar/opencv/2.4.9/lib/libopencv_core.2.4.9.dylib; sourceTree = "<group>"; };
		36983E971978C2FF00F77A9B /* libopencv_features2d.2.4.9.dylib */ = {isa = PBXFileReference; lastKnownFileType = "compiled.mach-o.dylib"; name = libopencv_features2d.2.4.9.dylib; path = ../../../../../usr/local/Cellar/opencv/2.4.9/lib/libopencv_features2d.2.4.9.dylib; sourceTree = "<group>"; };
		36983E981978C2FF00F77A9B /* libopencv_highgui.2.4.9.dylib */ = {isa = PBXFileReference; lastKnownFileType = "compiled.mach-o.dylib"; name = libopencv_highgui.2.4.9.dylib; path = ../../../../../usr/local/Cellar/opencv/2.4.9/lib/libopencv_highgui.2.4.9.dylib; sourceTree = "<group>"; };
		36983E991978C2FF00F77A9B /* libopencv_video.2.4.9.dylib */ = {isa = PBXFileReference; lastKnownFileType = "compiled.mach-o.dylib"; name = libopencv_video.2.4.9.dylib; path = ../../../../../usr/local/Cellar/opencv/2.4.9/lib/libopencv_video.2.4.9.dylib; sourceTree = "<group>"; };
		36983E9E1978C64300F77A9B /* libopencv_imgproc.2.4.9.dylib */ = {isa = PBXFileReference; lastKnownFileType = "compiled.mach-o.dylib"; name = libopencv_imgproc.2.4.9.dylib; path = ../../../../../usr/local/Cellar/opencv/2.4.9/lib/libopencv_imgproc.2.4.9.dylib; sourceTree = "<group>"; };
/* End PBXFileReference section */

/* Begin PBXFrameworksBuildPhase section */
		36983E861978BEFB00F77A9B /* Frameworks */ = {
			isa = PBXFrameworksBuildPhase;
			buildActionMask = 2147483647;
			files = (
				36983E9B1978C2FF00F77A9B /* libopencv_features2d.2.4.9.dylib in Frameworks */,
				36983E9C1978C2FF00F77A9B /* libopencv_highgui.2.4.9.dylib in Frameworks */,
				36983E9D1978C2FF00F77A9B /* libopencv_video.2.4.9.dylib in Frameworks */,
				36983E9F1978C64300F77A9B /* libopencv_imgproc.2.4.9.dylib in Frameworks */,
				36983E9A1978C2FF00F77A9B /* libopencv_core.2.4.9.dylib in Frameworks */,
			);
			runOnlyForDeploymentPostprocessing = 0;
		};
/* End PBXFrameworksBuildPhase section */

/* Begin PBXGroup section */
		36983E801978BEFB00F77A9B = {
			isa = PBXGroup;
			children = (
				36983E9E1978C64300F77A9B /* libopencv_imgproc.2.4.9.dylib */,
				36983E961978C2FF00F77A9B /* libopencv_core.2.4.9.dylib */,
				36983E971978C2FF00F77A9B /* libopencv_features2d.2.4.9.dylib */,
				36983E981978C2FF00F77A9B /* libopencv_highgui.2.4.9.dylib */,
				36983E991978C2FF00F77A9B /* libopencv_video.2.4.9.dylib */,
				36983E8B1978BEFB00F77A9B /* DemoOpenCV-01 */,
				36983E8A1978BEFB00F77A9B /* Products */,
			);
			sourceTree = "<group>";
		};
		36983E8A1978BEFB00F77A9B /* Products */ = {
			isa = PBXGroup;
			children = (
				36983E891978BEFB00F77A9B /* DemoOpenCV-01 */,
			);
			name = Products;
			sourceTree = "<group>";
		};
		36983E8B1978BEFB00F77A9B /* DemoOpenCV-01 */ = {
			isa = PBXGroup;
			children = (
				36983E8C1978BEFB00F77A9B /* main.cpp */,
				36983E8E1978BEFB00F77A9B /* DemoOpenCV_01.1 */,
			);
			path = "DemoOpenCV-01";
			sourceTree = "<group>";
		};
/* End PBXGroup section */

/* Begin PBXNativeTarget section */
		36983E881978BEFB00F77A9B /* DemoOpenCV-01 */ = {
			isa = PBXNativeTarget;
			buildConfigurationList = 36983E921978BEFB00F77A9B /* Build configuration list for PBXNativeTarget "DemoOpenCV-01" */;
			buildPhases = (
				36983E851978BEFB00F77A9B /* Sources */,
				36983E861978BEFB00F77A9B /* Frameworks */,
				36983E871978BEFB00F77A9B /* CopyFiles */,
			);
			buildRules = (
			);
			dependencies = (
			);
			name = "DemoOpenCV-01";
			productName = "DemoOpenCV-01";
			productReference = 36983E891978BEFB00F77A9B /* DemoOpenCV-01 */;
			productType = "com.apple.product-type.tool";
		};
/* End PBXNativeTarget section */

/* Begin PBXProject section */
		36983E811978BEFB00F77A9B /* Project object */ = {
			isa = PBXProject;
			attributes = {
				LastUpgradeCheck = 0510;
				ORGANIZATIONNAME = "___FULLUSERNAME___";
			};
			buildConfigurationList = 36983E841978BEFB00F77A9B /* Build configuration list for PBXProject "DemoOpenCV-01" */;
			compatibilityVersion = "Xcode 3.2";
			developmentRegion = English;
			hasScannedForEncodings = 0;
			knownRegions = (
				en,
			);
			mainGroup = 36983E801978BEFB00F77A9B;
			productRefGroup = 36983E8A1978BEFB00F77A9B /* Products */;
			projectDirPath = "";
			projectRoot = "";
			targets = (
				36983E881978BEFB00F77A9B /* DemoOpenCV-01 */,
			);
		};
/* End PBXProject section */

/* Begin PBXSourcesBuildPhase section */
		36983E851978BEFB00F77A9B /* Sources */ = {
			isa = PBXSourcesBuildPhase;
			buildActionMask = 2147483647;
			files = (
				36983E8D1978BEFB00F77A9B /* main.cpp in Sources */,
			);
			runOnlyForDeploymentPostprocessing = 0;
		};
/* End PBXSourcesBuildPhase section */

/* Begin XCBuildConfiguration section */
		36983E901978BEFB00F77A9B /* Debug */ = {
			isa = XCBuildConfiguration;
			buildSettings = {
				ALWAYS_SEARCH_USER_PATHS = NO;
				CLANG_CXX_LANGUAGE_STANDARD = "gnu++0x";
				CLANG_CXX_LIBRARY = "libc++";
				CLANG_ENABLE_MODULES = YES;
				CLANG_ENABLE_OBJC_ARC = YES;
				CLANG_WARN_BOOL_CONVERSION = YES;
				CLANG_WARN_CONSTANT_CONVERSION = YES;
				CLANG_WARN_DIRECT_OBJC_ISA_USAGE = YES_ERROR;
				CLANG_WARN_EMPTY_BODY = YES;
				CLANG_WARN_ENUM_CONVERSION = YES;
				CLANG_WARN_INT_CONVERSION = YES;
				CLANG_WARN_OBJC_ROOT_CLASS = YES_ERROR;
				CLANG_WARN__DUPLICATE_METHOD_MATCH = YES;
				COPY_PHASE_STRIP = NO;
				GCC_C_LANGUAGE_STANDARD = gnu99;
				GCC_DYNAMIC_NO_PIC = NO;
				GCC_ENABLE_OBJC_EXCEPTIONS = YES;
				GCC_OPTIMIZATION_LEVEL = 0;
				GCC_PREPROCESSOR_DEFINITIONS = (
					"DEBUG=1",
					"$(inherited)",
				);
				GCC_SYMBOLS_PRIVATE_EXTERN = NO;
				GCC_WARN_64_TO_32_BIT_CONVERSION = YES;
				GCC_WARN_ABOUT_RETURN_TYPE = YES_ERROR;
				GCC_WARN_UNDECLARED_SELECTOR = YES;
				GCC_WARN_UNINITIALIZED_AUTOS = YES_AGGRESSIVE;
				GCC_WARN_UNUSED_FUNCTION = YES;
				GCC_WARN_UNUSED_VARIABLE = YES;
				MACOSX_DEPLOYMENT_TARGET = 10.9;
				ONLY_ACTIVE_ARCH = YES;
				SDKROOT = macosx;
			};
			name = Debug;
		};
		36983E911978BEFB00F77A9B /* Release */ = {
			isa = XCBuildConfiguration;
			buildSettings = {
				ALWAYS_SEARCH_USER_PATHS = NO;
				CLANG_CXX_LANGUAGE_STANDARD = "gnu++0x";
				CLANG_CXX_LIBRARY = "libc++";
				CLANG_ENABLE_MODULES = YES;
				CLANG_ENABLE_OBJC_ARC = YES;
				CLANG_WARN_BOOL_CONVERSION = YES;
				CLANG_WARN_CONSTANT_CONVERSION = YES;
				CLANG_WARN_DIRECT_OBJC_ISA_USAGE = YES_ERROR;
				CLANG_WARN_EMPTY_BODY = YES;
				CLANG_WARN_ENUM_CONVERSION = YES;
				CLANG_WARN_INT_CONVERSION = YES;
				CLANG_WARN_OBJC_ROOT_CLASS = YES_ERROR;
				CLANG_WARN__DUPLICATE_METHOD_MATCH = YES;
				COPY_PHASE_STRIP = YES;
				DEBUG_INFORMATION_FORMAT = "dwarf-with-dsym";
				ENABLE_NS_ASSERTIONS = NO;
				GCC_C_LANGUAGE_STANDARD = gnu99;
				GCC_ENABLE_OBJC_EXCEPTIONS = YES;
				GCC_WARN_64_TO_32_BIT_CONVERSION = YES;
				GCC_WARN_ABOUT_RETURN_TYPE = YES_ERROR;
				GCC_WARN_UNDECLARED_SELECTOR = YES;
				GCC_WARN_UNINITIALIZED_AUTOS = YES_AGGRESSIVE;
				GCC_WARN_UNUSED_FUNCTION = YES;
				GCC_WARN_UNUSED_VARIABLE = YES;
				MACOSX_DEPLOYMENT_TARGET = 10.9;
				SDKROOT = macosx;
			};
			name = Release;
		};
		36983E931978BEFB00F77A9B /* Debug */ = {
			isa = XCBuildConfiguration;
			buildSettings = {
				ALWAYS_SEARCH_USER_PATHS = YES;
				HEADER_SEARCH_PATHS = (
					"$(inherited)",
					/Applications/Xcode.app/Contents/Developer/Toolchains/XcodeDefault.xctoolchain/usr/include,
					/usr/local/include,
				);
				LIBRARY_SEARCH_PATHS = /usr/local/Cellar/opencv/2.4.9/lib;
				PRODUCT_NAME = "$(TARGET_NAME)";
			};
			name = Debug;
		};
		36983E941978BEFB00F77A9B /* Release */ = {
			isa = XCBuildConfiguration;
			buildSettings = {
				ALWAYS_SEARCH_USER_PATHS = YES;
				HEADER_SEARCH_PATHS = (
					"$(inherited)",
					/Applications/Xcode.app/Contents/Developer/Toolchains/XcodeDefault.xctoolchain/usr/include,
					/usr/local/include,
				);
				LIBRARY_SEARCH_PATHS = /usr/local/Cellar/opencv/2.4.9/lib;
				PRODUCT_NAME = "$(TARGET_NAME)";
			};
			name = Release;
		};
/* End XCBuildConfiguration section */

/* Begin XCConfigurationList section */
		36983E841978BEFB00F77A9B /* Build configuration list for PBXProject "DemoOpenCV-01" */ = {
			isa = XCConfigurationList;
			buildConfigurations = (
				36983E901978BEFB00F77A9B /* Debug */,
				36983E911978BEFB00F77A9B /* Release */,
			);
			defaultConfigurationIsVisible = 0;
			defaultConfigurationName = Release;
		};
		36983E921978BEFB00F77A9B /* Build configuration list for PBXNativeTarget "DemoOpenCV-01" */ = {
			isa = XCConfigurationList;
			buildConfigurations = (
				36983E931978BEFB00F77A9B /* Debug */,
				36983E941978BEFB00F77A9B /* Release */,
			);
			defaultConfigurationIsVisible = 0;
		};
/* End XCConfigurationList section */
	};
	rootObject = 36983E811978BEFB00F77A9B /* Project object */;
}
